// !$*UTF8*$!
{
	archiveVersion = 1;
	classes = {
	};
	objectVersion = 56;
	objects = {

/* Begin PBXBuildFile section */
		B30272392AEC9F82007DA186 /* Aquatic.swift in Sources */ = {isa = PBXBuildFile; fileRef = B30272382AEC9F82007DA186 /* Aquatic.swift */; };
		B302723B2AECA00B007DA186 /* Breakfast.swift in Sources */ = {isa = PBXBuildFile; fileRef = B302723A2AECA00B007DA186 /* Breakfast.swift */; };
		B302723D2AECA149007DA186 /* Staple.swift in Sources */ = {isa = PBXBuildFile; fileRef = B302723C2AECA149007DA186 /* Staple.swift */; };
		B302723F2AECA1E8007DA186 /* SemiDish.swift in Sources */ = {isa = PBXBuildFile; fileRef = B302723E2AECA1E8007DA186 /* SemiDish.swift */; };
		B30272412AECA33B007DA186 /* Soup.swift in Sources */ = {isa = PBXBuildFile; fileRef = B30272402AECA33B007DA186 /* Soup.swift */; };
		B30272432AECA3E5007DA186 /* Drink.swift in Sources */ = {isa = PBXBuildFile; fileRef = B30272422AECA3E5007DA186 /* Drink.swift */; };
		B30272452AECA4CA007DA186 /* Condiment.swift in Sources */ = {isa = PBXBuildFile; fileRef = B30272442AECA4CA007DA186 /* Condiment.swift */; };
		B30272472AECA561007DA186 /* Dessert.swift in Sources */ = {isa = PBXBuildFile; fileRef = B30272462AECA561007DA186 /* Dessert.swift */; };
		B30839552AF1045800B84145 /* animal_recognization.swift in Sources */ = {isa = PBXBuildFile; fileRef = B30839542AF1045800B84145 /* animal_recognization.swift */; };
		B30BDA1F2AF0A34700D2985A /* ContributeCards.swift in Sources */ = {isa = PBXBuildFile; fileRef = B30BDA1E2AF0A34700D2985A /* ContributeCards.swift */; };
		B310F2872AE9011F00EA4C73 /* MyFavorite.swift in Sources */ = {isa = PBXBuildFile; fileRef = B310F2862AE9011F00EA4C73 /* MyFavorite.swift */; };
		B32462472B7F1DA500E0DAC0 /* CardUpdate.swift in Sources */ = {isa = PBXBuildFile; fileRef = B32462462B7F1DA500E0DAC0 /* CardUpdate.swift */; };
		B32CF65B2B8426E7009DB061 /* DetailPage.swift in Sources */ = {isa = PBXBuildFile; fileRef = B32CF65A2B8426E7009DB061 /* DetailPage.swift */; };
		B337D7F32ADA4420008B5F8F /* Materials in Resources */ = {isa = PBXBuildFile; fileRef = B337D7F22ADA4420008B5F8F /* Materials */; };
		B337D7F52ADA44B2008B5F8F /* CardReader.swift in Sources */ = {isa = PBXBuildFile; fileRef = B337D7F42ADA44B2008B5F8F /* CardReader.swift */; };
		B33B75532AEE499D001452A2 /* AIAnalystUI.swift in Sources */ = {isa = PBXBuildFile; fileRef = B33B75522AEE499D001452A2 /* AIAnalystUI.swift */; };
		B3533DF22AEC9D6F00AA977C /* Meat.swift in Sources */ = {isa = PBXBuildFile; fileRef = B3533DF12AEC9D6F00AA977C /* Meat.swift */; };
		B35A17FE2B1C7F8E00B3D4D0 /* AboutMe.swift in Sources */ = {isa = PBXBuildFile; fileRef = B35A17FD2B1C7F8E00B3D4D0 /* AboutMe.swift */; };
		B35A18002B1C7FD500B3D4D0 /* AppSettings.swift in Sources */ = {isa = PBXBuildFile; fileRef = B35A17FF2B1C7FD500B3D4D0 /* AppSettings.swift */; };
		B363F8352B7F04440042DE29 /* Pow in Frameworks */ = {isa = PBXBuildFile; productRef = B363F8342B7F04440042DE29 /* Pow */; };
		B36515D72B1C7D2600DC18B6 /* CommonProblem.swift in Sources */ = {isa = PBXBuildFile; fileRef = B36515D62B1C7D2600DC18B6 /* CommonProblem.swift */; };
		B3684F852B1C620600E1127F /* plant_recognization.swift in Sources */ = {isa = PBXBuildFile; fileRef = B3684F842B1C620600E1127F /* plant_recognization.swift */; };
		B377C6EE2ADA93170099AB83 /* MarkdownUI in Frameworks */ = {isa = PBXBuildFile; productRef = B377C6ED2ADA93170099AB83 /* MarkdownUI */; };
		B378CA122AE944A600355FD6 /* CookBookData.swift in Sources */ = {isa = PBXBuildFile; fileRef = B378CA112AE944A600355FD6 /* CookBookData.swift */; };
		B378CA142AE94A0000355FD6 /* Vegetarian.swift in Sources */ = {isa = PBXBuildFile; fileRef = B378CA132AE94A0000355FD6 /* Vegetarian.swift */; };
		B39CF18D2AEE5FB600F988E9 /* AccessTokenFetcher.swift in Sources */ = {isa = PBXBuildFile; fileRef = B39CF18C2AEE5FB600F988E9 /* AccessTokenFetcher.swift */; };
		B39CF1902AEE63ED00F988E9 /* GPT_Handler.swift in Sources */ = {isa = PBXBuildFile; fileRef = B39CF18F2AEE63ED00F988E9 /* GPT_Handler.swift */; };
		B3A4A7772B81E6B60045A9EB /* OnlineReview.swift in Sources */ = {isa = PBXBuildFile; fileRef = B3A4A7762B81E6B60045A9EB /* OnlineReview.swift */; };
		B3B264982AF0F35C0093BEFF /* ItemRecognizationUI.swift in Sources */ = {isa = PBXBuildFile; fileRef = B3B264972AF0F35C0093BEFF /* ItemRecognizationUI.swift */; };
		B3BEDF3E2B8250980036FCAA /* AccountManage.swift in Sources */ = {isa = PBXBuildFile; fileRef = B3BEDF3D2B8250980036FCAA /* AccountManage.swift */; };
		B3BEDF402B8257080036FCAA /* AccountData.swift in Sources */ = {isa = PBXBuildFile; fileRef = B3BEDF3F2B8257080036FCAA /* AccountData.swift */; };
		B3BEDF432B8259560036FCAA /* URLImage in Frameworks */ = {isa = PBXBuildFile; productRef = B3BEDF422B8259560036FCAA /* URLImage */; };
		B3BF7A442AD92E6C00DE56C9 /* CardData.swift in Sources */ = {isa = PBXBuildFile; fileRef = B3BF7A432AD92E6C00DE56C9 /* CardData.swift */; };
		B3BFFDF32AD8FA11003B9F83 /* CommonEquipments.swift in Sources */ = {isa = PBXBuildFile; fileRef = B3BFFDF22AD8FA11003B9F83 /* CommonEquipments.swift */; };
		B3C7EE8F2B1C6BB900CF1140 /* ingredient_recognization.swift in Sources */ = {isa = PBXBuildFile; fileRef = B3C7EE8E2B1C6BB900CF1140 /* ingredient_recognization.swift */; };
		B3C7EE912B1C6D8800CF1140 /* dish_recognization.swift in Sources */ = {isa = PBXBuildFile; fileRef = B3C7EE902B1C6D8800CF1140 /* dish_recognization.swift */; };
		B3E79FFB2AD94EEF003E175C /* GlobalSearch.swift in Sources */ = {isa = PBXBuildFile; fileRef = B3E79FFA2AD94EEF003E175C /* GlobalSearch.swift */; };
		B3F8A74D2AD8E8BB00D129D3 /* TasteMasterApp.swift in Sources */ = {isa = PBXBuildFile; fileRef = B3F8A74C2AD8E8BB00D129D3 /* TasteMasterApp.swift */; };
		B3F8A74F2AD8E8BB00D129D3 /* ContentView.swift in Sources */ = {isa = PBXBuildFile; fileRef = B3F8A74E2AD8E8BB00D129D3 /* ContentView.swift */; };
		B3F8A7512AD8E8BD00D129D3 /* Assets.xcassets in Resources */ = {isa = PBXBuildFile; fileRef = B3F8A7502AD8E8BD00D129D3 /* Assets.xcassets */; };
		B3F8A7552AD8E8BD00D129D3 /* Preview Assets.xcassets in Resources */ = {isa = PBXBuildFile; fileRef = B3F8A7542AD8E8BD00D129D3 /* Preview Assets.xcassets */; };
		B3F8A75F2AD8E8BD00D129D3 /* TasteMasterTests.swift in Sources */ = {isa = PBXBuildFile; fileRef = B3F8A75E2AD8E8BD00D129D3 /* TasteMasterTests.swift */; };
		B3F8A7692AD8E8BD00D129D3 /* TasteMasterUITests.swift in Sources */ = {isa = PBXBuildFile; fileRef = B3F8A7682AD8E8BD00D129D3 /* TasteMasterUITests.swift */; };
		B3F8A76B2AD8E8BD00D129D3 /* TasteMasterUITestsLaunchTests.swift in Sources */ = {isa = PBXBuildFile; fileRef = B3F8A76A2AD8E8BD00D129D3 /* TasteMasterUITestsLaunchTests.swift */; };
		B3F8A7782AD8E8DB00D129D3 /* CardModel.swift in Sources */ = {isa = PBXBuildFile; fileRef = B3F8A7772AD8E8DB00D129D3 /* CardModel.swift */; };
		B3F9C3B82AEF8EC5004B07C4 /* advanced_general.swift in Sources */ = {isa = PBXBuildFile; fileRef = B3F9C3B72AEF8EC5004B07C4 /* advanced_general.swift */; };
		B3F9C3BB2AEF96F2004B07C4 /* PhotosController.swift in Sources */ = {isa = PBXBuildFile; fileRef = B3F9C3BA2AEF96F2004B07C4 /* PhotosController.swift */; };
		B3F9C3BE2AEFA173004B07C4 /* RecognizeAPI.swift in Sources */ = {isa = PBXBuildFile; fileRef = B3F9C3BD2AEFA173004B07C4 /* RecognizeAPI.swift */; };
/* End PBXBuildFile section */

/* Begin PBXContainerItemProxy section */
		B3F8A75B2AD8E8BD00D129D3 /* PBXContainerItemProxy */ = {
			isa = PBXContainerItemProxy;
			containerPortal = B3F8A7412AD8E8BB00D129D3 /* Project object */;
			proxyType = 1;
			remoteGlobalIDString = B3F8A7482AD8E8BB00D129D3;
			remoteInfo = TasteMaster;
		};
		B3F8A7652AD8E8BD00D129D3 /* PBXContainerItemProxy */ = {
			isa = PBXContainerItemProxy;
			containerPortal = B3F8A7412AD8E8BB00D129D3 /* Project object */;
			proxyType = 1;
			remoteGlobalIDString = B3F8A7482AD8E8BB00D129D3;
			remoteInfo = TasteMaster;
		};
/* End PBXContainerItemProxy section */

/* Begin PBXFileReference section */
		B30272382AEC9F82007DA186 /* Aquatic.swift */ = {isa = PBXFileReference; lastKnownFileType = sourcecode.swift; path = Aquatic.swift; sourceTree = "<group>"; };
		B302723A2AECA00B007DA186 /* Breakfast.swift */ = {isa = PBXFileReference; lastKnownFileType = sourcecode.swift; path = Breakfast.swift; sourceTree = "<group>"; };
		B302723C2AECA149007DA186 /* Staple.swift */ = {isa = PBXFileReference; lastKnownFileType = sourcecode.swift; path = Staple.swift; sourceTree = "<group>"; };
		B302723E2AECA1E8007DA186 /* SemiDish.swift */ = {isa = PBXFileReference; lastKnownFileType = sourcecode.swift; path = SemiDish.swift; sourceTree = "<group>"; };
		B30272402AECA33B007DA186 /* Soup.swift */ = {isa = PBXFileReference; lastKnownFileType = sourcecode.swift; path = Soup.swift; sourceTree = "<group>"; };
		B30272422AECA3E5007DA186 /* Drink.swift */ = {isa = PBXFileReference; lastKnownFileType = sourcecode.swift; path = Drink.swift; sourceTree = "<group>"; };
		B30272442AECA4CA007DA186 /* Condiment.swift */ = {isa = PBXFileReference; lastKnownFileType = sourcecode.swift; path = Condiment.swift; sourceTree = "<group>"; };
		B30272462AECA561007DA186 /* Dessert.swift */ = {isa = PBXFileReference; lastKnownFileType = sourcecode.swift; path = Dessert.swift; sourceTree = "<group>"; };
		B30839542AF1045800B84145 /* animal_recognization.swift */ = {isa = PBXFileReference; lastKnownFileType = sourcecode.swift; path = animal_recognization.swift; sourceTree = "<group>"; };
		B30BDA1E2AF0A34700D2985A /* ContributeCards.swift */ = {isa = PBXFileReference; lastKnownFileType = sourcecode.swift; path = ContributeCards.swift; sourceTree = "<group>"; };
		B310F2862AE9011F00EA4C73 /* MyFavorite.swift */ = {isa = PBXFileReference; lastKnownFileType = sourcecode.swift; path = MyFavorite.swift; sourceTree = "<group>"; };
		B32462462B7F1DA500E0DAC0 /* CardUpdate.swift */ = {isa = PBXFileReference; lastKnownFileType = sourcecode.swift; path = CardUpdate.swift; sourceTree = "<group>"; };
		B32CF65A2B8426E7009DB061 /* DetailPage.swift */ = {isa = PBXFileReference; lastKnownFileType = sourcecode.swift; path = DetailPage.swift; sourceTree = "<group>"; };
		B337D7F22ADA4420008B5F8F /* Materials */ = {isa = PBXFileReference; lastKnownFileType = folder; path = Materials; sourceTree = "<group>"; };
		B337D7F42ADA44B2008B5F8F /* CardReader.swift */ = {isa = PBXFileReference; lastKnownFileType = sourcecode.swift; path = CardReader.swift; sourceTree = "<group>"; };
		B33B75522AEE499D001452A2 /* AIAnalystUI.swift */ = {isa = PBXFileReference; lastKnownFileType = sourcecode.swift; path = AIAnalystUI.swift; sourceTree = "<group>"; };
		B3533DF12AEC9D6F00AA977C /* Meat.swift */ = {isa = PBXFileReference; lastKnownFileType = sourcecode.swift; path = Meat.swift; sourceTree = "<group>"; };
		B35A17FD2B1C7F8E00B3D4D0 /* AboutMe.swift */ = {isa = PBXFileReference; lastKnownFileType = sourcecode.swift; path = AboutMe.swift; sourceTree = "<group>"; };
		B35A17FF2B1C7FD500B3D4D0 /* AppSettings.swift */ = {isa = PBXFileReference; lastKnownFileType = sourcecode.swift; path = AppSettings.swift; sourceTree = "<group>"; };
		B36515D62B1C7D2600DC18B6 /* CommonProblem.swift */ = {isa = PBXFileReference; lastKnownFileType = sourcecode.swift; path = CommonProblem.swift; sourceTree = "<group>"; };
		B3684F842B1C620600E1127F /* plant_recognization.swift */ = {isa = PBXFileReference; lastKnownFileType = sourcecode.swift; path = plant_recognization.swift; sourceTree = "<group>"; };
		B378CA112AE944A600355FD6 /* CookBookData.swift */ = {isa = PBXFileReference; lastKnownFileType = sourcecode.swift; path = CookBookData.swift; sourceTree = "<group>"; };
		B378CA132AE94A0000355FD6 /* Vegetarian.swift */ = {isa = PBXFileReference; lastKnownFileType = sourcecode.swift; path = Vegetarian.swift; sourceTree = "<group>"; };
		B39CF18C2AEE5FB600F988E9 /* AccessTokenFetcher.swift */ = {isa = PBXFileReference; lastKnownFileType = sourcecode.swift; path = AccessTokenFetcher.swift; sourceTree = "<group>"; };
		B39CF18F2AEE63ED00F988E9 /* GPT_Handler.swift */ = {isa = PBXFileReference; lastKnownFileType = sourcecode.swift; path = GPT_Handler.swift; sourceTree = "<group>"; };
		B3A4A7762B81E6B60045A9EB /* OnlineReview.swift */ = {isa = PBXFileReference; lastKnownFileType = sourcecode.swift; path = OnlineReview.swift; sourceTree = "<group>"; };
		B3B264972AF0F35C0093BEFF /* ItemRecognizationUI.swift */ = {isa = PBXFileReference; lastKnownFileType = sourcecode.swift; path = ItemRecognizationUI.swift; sourceTree = "<group>"; };
		B3BEDF3D2B8250980036FCAA /* AccountManage.swift */ = {isa = PBXFileReference; lastKnownFileType = sourcecode.swift; path = AccountManage.swift; sourceTree = "<group>"; };
		B3BEDF3F2B8257080036FCAA /* AccountData.swift */ = {isa = PBXFileReference; lastKnownFileType = sourcecode.swift; path = AccountData.swift; sourceTree = "<group>"; };
		B3BF7A432AD92E6C00DE56C9 /* CardData.swift */ = {isa = PBXFileReference; lastKnownFileType = sourcecode.swift; path = CardData.swift; sourceTree = "<group>"; };
		B3BFFDF22AD8FA11003B9F83 /* CommonEquipments.swift */ = {isa = PBXFileReference; lastKnownFileType = sourcecode.swift; path = CommonEquipments.swift; sourceTree = "<group>"; };
		B3C7EE8E2B1C6BB900CF1140 /* ingredient_recognization.swift */ = {isa = PBXFileReference; lastKnownFileType = sourcecode.swift; path = ingredient_recognization.swift; sourceTree = "<group>"; };
		B3C7EE902B1C6D8800CF1140 /* dish_recognization.swift */ = {isa = PBXFileReference; lastKnownFileType = sourcecode.swift; path = dish_recognization.swift; sourceTree = "<group>"; };
		B3E79FFA2AD94EEF003E175C /* GlobalSearch.swift */ = {isa = PBXFileReference; lastKnownFileType = sourcecode.swift; path = GlobalSearch.swift; sourceTree = "<group>"; };
		B3F8A7492AD8E8BB00D129D3 /* TasteMaster.app */ = {isa = PBXFileReference; explicitFileType = wrapper.application; includeInIndex = 0; path = TasteMaster.app; sourceTree = BUILT_PRODUCTS_DIR; };
		B3F8A74C2AD8E8BB00D129D3 /* TasteMasterApp.swift */ = {isa = PBXFileReference; lastKnownFileType = sourcecode.swift; path = TasteMasterApp.swift; sourceTree = "<group>"; };
		B3F8A74E2AD8E8BB00D129D3 /* ContentView.swift */ = {isa = PBXFileReference; lastKnownFileType = sourcecode.swift; path = ContentView.swift; sourceTree = "<group>"; };
		B3F8A7502AD8E8BD00D129D3 /* Assets.xcassets */ = {isa = PBXFileReference; lastKnownFileType = folder.assetcatalog; path = Assets.xcassets; sourceTree = "<group>"; };
		B3F8A7522AD8E8BD00D129D3 /* TasteMaster.entitlements */ = {isa = PBXFileReference; lastKnownFileType = text.plist.entitlements; path = TasteMaster.entitlements; sourceTree = "<group>"; };
		B3F8A7542AD8E8BD00D129D3 /* Preview Assets.xcassets */ = {isa = PBXFileReference; lastKnownFileType = folder.assetcatalog; path = "Preview Assets.xcassets"; sourceTree = "<group>"; };
		B3F8A75A2AD8E8BD00D129D3 /* TasteMasterTests.xctest */ = {isa = PBXFileReference; explicitFileType = wrapper.cfbundle; includeInIndex = 0; path = TasteMasterTests.xctest; sourceTree = BUILT_PRODUCTS_DIR; };
		B3F8A75E2AD8E8BD00D129D3 /* TasteMasterTests.swift */ = {isa = PBXFileReference; lastKnownFileType = sourcecode.swift; path = TasteMasterTests.swift; sourceTree = "<group>"; };
		B3F8A7642AD8E8BD00D129D3 /* TasteMasterUITests.xctest */ = {isa = PBXFileReference; explicitFileType = wrapper.cfbundle; includeInIndex = 0; path = TasteMasterUITests.xctest; sourceTree = BUILT_PRODUCTS_DIR; };
		B3F8A7682AD8E8BD00D129D3 /* TasteMasterUITests.swift */ = {isa = PBXFileReference; lastKnownFileType = sourcecode.swift; path = TasteMasterUITests.swift; sourceTree = "<group>"; };
		B3F8A76A2AD8E8BD00D129D3 /* TasteMasterUITestsLaunchTests.swift */ = {isa = PBXFileReference; lastKnownFileType = sourcecode.swift; path = TasteMasterUITestsLaunchTests.swift; sourceTree = "<group>"; };
		B3F8A7772AD8E8DB00D129D3 /* CardModel.swift */ = {isa = PBXFileReference; lastKnownFileType = sourcecode.swift; path = CardModel.swift; sourceTree = "<group>"; };
		B3F9C3B72AEF8EC5004B07C4 /* advanced_general.swift */ = {isa = PBXFileReference; lastKnownFileType = sourcecode.swift; path = advanced_general.swift; sourceTree = "<group>"; };
		B3F9C3BA2AEF96F2004B07C4 /* PhotosController.swift */ = {isa = PBXFileReference; lastKnownFileType = sourcecode.swift; path = PhotosController.swift; sourceTree = "<group>"; };
		B3F9C3BD2AEFA173004B07C4 /* RecognizeAPI.swift */ = {isa = PBXFileReference; lastKnownFileType = sourcecode.swift; path = RecognizeAPI.swift; sourceTree = "<group>"; };
/* End PBXFileReference section */

/* Begin PBXFrameworksBuildPhase section */
		B3F8A7462AD8E8BB00D129D3 /* Frameworks */ = {
			isa = PBXFrameworksBuildPhase;
			buildActionMask = 2147483647;
			files = (
				B377C6EE2ADA93170099AB83 /* MarkdownUI in Frameworks */,
				B3BEDF432B8259560036FCAA /* URLImage in Frameworks */,
				B363F8352B7F04440042DE29 /* Pow in Frameworks */,
			);
			runOnlyForDeploymentPostprocessing = 0;
		};
		B3F8A7572AD8E8BD00D129D3 /* Frameworks */ = {
			isa = PBXFrameworksBuildPhase;
			buildActionMask = 2147483647;
			files = (
			);
			runOnlyForDeploymentPostprocessing = 0;
		};
		B3F8A7612AD8E8BD00D129D3 /* Frameworks */ = {
			isa = PBXFrameworksBuildPhase;
			buildActionMask = 2147483647;
			files = (
			);
			runOnlyForDeploymentPostprocessing = 0;
		};
/* End PBXFrameworksBuildPhase section */

/* Begin PBXGroup section */
		B33B75512AEE476D001452A2 /* CreativeTools */ = {
			isa = PBXGroup;
			children = (
				B39CF18B2AEE5F9400F988E9 /* AIAnalyst */,
				B3F9C3B92AEF96BD004B07C4 /* ItemRecognization */,
			);
			path = CreativeTools;
			sourceTree = "<group>";
		};
		B39CF18B2AEE5F9400F988E9 /* AIAnalyst */ = {
			isa = PBXGroup;
			children = (
				B39CF18E2AEE63B800F988E9 /* GPT_Controller */,
				B33B75522AEE499D001452A2 /* AIAnalystUI.swift */,
			);
			path = AIAnalyst;
			sourceTree = "<group>";
		};
		B39CF18E2AEE63B800F988E9 /* GPT_Controller */ = {
			isa = PBXGroup;
			children = (
				B39CF18C2AEE5FB600F988E9 /* AccessTokenFetcher.swift */,
				B39CF18F2AEE63ED00F988E9 /* GPT_Handler.swift */,
			);
			path = GPT_Controller;
			sourceTree = "<group>";
		};
		B3A4A7782B81E6BC0045A9EB /* OnlineReview */ = {
			isa = PBXGroup;
			children = (
				B3A4A7762B81E6B60045A9EB /* OnlineReview.swift */,
			);
			path = OnlineReview;
			sourceTree = "<group>";
		};
		B3BEDF3C2B8250440036FCAA /* AccountManage */ = {
			isa = PBXGroup;
			children = (
				B3BEDF3F2B8257080036FCAA /* AccountData.swift */,
				B3BEDF3D2B8250980036FCAA /* AccountManage.swift */,
				B32CF65A2B8426E7009DB061 /* DetailPage.swift */,
			);
			path = AccountManage;
			sourceTree = "<group>";
		};
		B3BFFDEE2AD8F969003B9F83 /* Functions */ = {
			isa = PBXGroup;
			children = (
				B3BFFDF02AD8F990003B9F83 /* BasicSkills */,
				B3BFFDF12AD8F99C003B9F83 /* CookBooks */,
				B3A4A7782B81E6BC0045A9EB /* OnlineReview */,
				B3BEDF3C2B8250440036FCAA /* AccountManage */,
				B33B75512AEE476D001452A2 /* CreativeTools */,
				B3E79FF92AD94E20003E175C /* ExtraFunctions */,
			);
			path = Functions;
			sourceTree = "<group>";
		};
		B3BFFDF02AD8F990003B9F83 /* BasicSkills */ = {
			isa = PBXGroup;
			children = (
				B3BFFDF22AD8FA11003B9F83 /* CommonEquipments.swift */,
			);
			path = BasicSkills;
			sourceTree = "<group>";
		};
		B3BFFDF12AD8F99C003B9F83 /* CookBooks */ = {
			isa = PBXGroup;
			children = (
				B378CA132AE94A0000355FD6 /* Vegetarian.swift */,
				B3533DF12AEC9D6F00AA977C /* Meat.swift */,
				B30272382AEC9F82007DA186 /* Aquatic.swift */,
				B302723A2AECA00B007DA186 /* Breakfast.swift */,
				B302723C2AECA149007DA186 /* Staple.swift */,
				B302723E2AECA1E8007DA186 /* SemiDish.swift */,
				B30272402AECA33B007DA186 /* Soup.swift */,
				B30272422AECA3E5007DA186 /* Drink.swift */,
				B30272442AECA4CA007DA186 /* Condiment.swift */,
				B30272462AECA561007DA186 /* Dessert.swift */,
			);
			path = CookBooks;
			sourceTree = "<group>";
		};
		B3E79FF92AD94E20003E175C /* ExtraFunctions */ = {
			isa = PBXGroup;
			children = (
				B32462462B7F1DA500E0DAC0 /* CardUpdate.swift */,
				B30BDA1E2AF0A34700D2985A /* ContributeCards.swift */,
				B3E79FFA2AD94EEF003E175C /* GlobalSearch.swift */,
				B310F2862AE9011F00EA4C73 /* MyFavorite.swift */,
				B36515D62B1C7D2600DC18B6 /* CommonProblem.swift */,
				B35A17FD2B1C7F8E00B3D4D0 /* AboutMe.swift */,
				B35A17FF2B1C7FD500B3D4D0 /* AppSettings.swift */,
			);
			path = ExtraFunctions;
			sourceTree = "<group>";
		};
		B3F8A7402AD8E8BB00D129D3 = {
			isa = PBXGroup;
			children = (
				B3F8A74B2AD8E8BB00D129D3 /* TasteMaster */,
				B3F8A75D2AD8E8BD00D129D3 /* TasteMasterTests */,
				B3F8A7672AD8E8BD00D129D3 /* TasteMasterUITests */,
				B3F8A74A2AD8E8BB00D129D3 /* Products */,
			);
			sourceTree = "<group>";
		};
		B3F8A74A2AD8E8BB00D129D3 /* Products */ = {
			isa = PBXGroup;
			children = (
				B3F8A7492AD8E8BB00D129D3 /* TasteMaster.app */,
				B3F8A75A2AD8E8BD00D129D3 /* TasteMasterTests.xctest */,
				B3F8A7642AD8E8BD00D129D3 /* TasteMasterUITests.xctest */,
			);
			name = Products;
			sourceTree = "<group>";
		};
		B3F8A74B2AD8E8BB00D129D3 /* TasteMaster */ = {
			isa = PBXGroup;
			children = (
				B3F8A74C2AD8E8BB00D129D3 /* TasteMasterApp.swift */,
				B3F8A74E2AD8E8BB00D129D3 /* ContentView.swift */,
				B3F8A7772AD8E8DB00D129D3 /* CardModel.swift */,
				B3BF7A432AD92E6C00DE56C9 /* CardData.swift */,
				B378CA112AE944A600355FD6 /* CookBookData.swift */,
				B337D7F42ADA44B2008B5F8F /* CardReader.swift */,
				B3F8A7502AD8E8BD00D129D3 /* Assets.xcassets */,
				B3F8A7522AD8E8BD00D129D3 /* TasteMaster.entitlements */,
				B337D7F22ADA4420008B5F8F /* Materials */,
				B3BFFDEE2AD8F969003B9F83 /* Functions */,
				B3F8A7532AD8E8BD00D129D3 /* Preview Content */,
			);
			path = TasteMaster;
			sourceTree = "<group>";
		};
		B3F8A7532AD8E8BD00D129D3 /* Preview Content */ = {
			isa = PBXGroup;
			children = (
				B3F8A7542AD8E8BD00D129D3 /* Preview Assets.xcassets */,
			);
			path = "Preview Content";
			sourceTree = "<group>";
		};
		B3F8A75D2AD8E8BD00D129D3 /* TasteMasterTests */ = {
			isa = PBXGroup;
			children = (
				B3F8A75E2AD8E8BD00D129D3 /* TasteMasterTests.swift */,
			);
			path = TasteMasterTests;
			sourceTree = "<group>";
		};
		B3F8A7672AD8E8BD00D129D3 /* TasteMasterUITests */ = {
			isa = PBXGroup;
			children = (
				B3F8A7682AD8E8BD00D129D3 /* TasteMasterUITests.swift */,
				B3F8A76A2AD8E8BD00D129D3 /* TasteMasterUITestsLaunchTests.swift */,
			);
			path = TasteMasterUITests;
			sourceTree = "<group>";
		};
		B3F9C3B92AEF96BD004B07C4 /* ItemRecognization */ = {
			isa = PBXGroup;
			children = (
				B3B264972AF0F35C0093BEFF /* ItemRecognizationUI.swift */,
				B3F9C3BD2AEFA173004B07C4 /* RecognizeAPI.swift */,
				B3F9C3BA2AEF96F2004B07C4 /* PhotosController.swift */,
				B3F9C3B72AEF8EC5004B07C4 /* advanced_general.swift */,
				B30839542AF1045800B84145 /* animal_recognization.swift */,
				B3684F842B1C620600E1127F /* plant_recognization.swift */,
				B3C7EE8E2B1C6BB900CF1140 /* ingredient_recognization.swift */,
				B3C7EE902B1C6D8800CF1140 /* dish_recognization.swift */,
			);
			path = ItemRecognization;
			sourceTree = "<group>";
		};
/* End PBXGroup section */

/* Begin PBXNativeTarget section */
		B3F8A7482AD8E8BB00D129D3 /* TasteMaster */ = {
			isa = PBXNativeTarget;
			buildConfigurationList = B3F8A76E2AD8E8BD00D129D3 /* Build configuration list for PBXNativeTarget "TasteMaster" */;
			buildPhases = (
				B3F8A7452AD8E8BB00D129D3 /* Sources */,
				B3F8A7462AD8E8BB00D129D3 /* Frameworks */,
				B3F8A7472AD8E8BB00D129D3 /* Resources */,
			);
			buildRules = (
			);
			dependencies = (
			);
			name = TasteMaster;
			packageProductDependencies = (
				B377C6ED2ADA93170099AB83 /* MarkdownUI */,
				B363F8342B7F04440042DE29 /* Pow */,
				B3BEDF422B8259560036FCAA /* URLImage */,
			);
			productName = TasteMaster;
			productReference = B3F8A7492AD8E8BB00D129D3 /* TasteMaster.app */;
			productType = "com.apple.product-type.application";
		};
		B3F8A7592AD8E8BD00D129D3 /* TasteMasterTests */ = {
			isa = PBXNativeTarget;
			buildConfigurationList = B3F8A7712AD8E8BD00D129D3 /* Build configuration list for PBXNativeTarget "TasteMasterTests" */;
			buildPhases = (
				B3F8A7562AD8E8BD00D129D3 /* Sources */,
				B3F8A7572AD8E8BD00D129D3 /* Frameworks */,
				B3F8A7582AD8E8BD00D129D3 /* Resources */,
			);
			buildRules = (
			);
			dependencies = (
				B3F8A75C2AD8E8BD00D129D3 /* PBXTargetDependency */,
			);
			name = TasteMasterTests;
			productName = TasteMasterTests;
			productReference = B3F8A75A2AD8E8BD00D129D3 /* TasteMasterTests.xctest */;
			productType = "com.apple.product-type.bundle.unit-test";
		};
		B3F8A7632AD8E8BD00D129D3 /* TasteMasterUITests */ = {
			isa = PBXNativeTarget;
			buildConfigurationList = B3F8A7742AD8E8BD00D129D3 /* Build configuration list for PBXNativeTarget "TasteMasterUITests" */;
			buildPhases = (
				B3F8A7602AD8E8BD00D129D3 /* Sources */,
				B3F8A7612AD8E8BD00D129D3 /* Frameworks */,
				B3F8A7622AD8E8BD00D129D3 /* Resources */,
			);
			buildRules = (
			);
			dependencies = (
				B3F8A7662AD8E8BD00D129D3 /* PBXTargetDependency */,
			);
			name = TasteMasterUITests;
			productName = TasteMasterUITests;
			productReference = B3F8A7642AD8E8BD00D129D3 /* TasteMasterUITests.xctest */;
			productType = "com.apple.product-type.bundle.ui-testing";
		};
/* End PBXNativeTarget section */

/* Begin PBXProject section */
		B3F8A7412AD8E8BB00D129D3 /* Project object */ = {
			isa = PBXProject;
			attributes = {
				BuildIndependentTargetsInParallel = 1;
				LastSwiftUpdateCheck = 1500;
				LastUpgradeCheck = 1500;
				TargetAttributes = {
					B3F8A7482AD8E8BB00D129D3 = {
						CreatedOnToolsVersion = 15.0;
						LastSwiftMigration = 1520;
					};
					B3F8A7592AD8E8BD00D129D3 = {
						CreatedOnToolsVersion = 15.0;
						TestTargetID = B3F8A7482AD8E8BB00D129D3;
					};
					B3F8A7632AD8E8BD00D129D3 = {
						CreatedOnToolsVersion = 15.0;
						TestTargetID = B3F8A7482AD8E8BB00D129D3;
					};
				};
			};
			buildConfigurationList = B3F8A7442AD8E8BB00D129D3 /* Build configuration list for PBXProject "TasteMaster" */;
			compatibilityVersion = "Xcode 14.0";
			developmentRegion = en;
			hasScannedForEncodings = 0;
			knownRegions = (
				en,
				Base,
			);
			mainGroup = B3F8A7402AD8E8BB00D129D3;
			packageReferences = (
				B377C6EC2ADA93170099AB83 /* XCRemoteSwiftPackageReference "swift-markdown-ui" */,
				B363F8332B7F04440042DE29 /* XCRemoteSwiftPackageReference "Pow" */,
				B3BEDF412B8259560036FCAA /* XCRemoteSwiftPackageReference "url-image" */,
			);
			productRefGroup = B3F8A74A2AD8E8BB00D129D3 /* Products */;
			projectDirPath = "";
			projectRoot = "";
			targets = (
				B3F8A7482AD8E8BB00D129D3 /* TasteMaster */,
				B3F8A7592AD8E8BD00D129D3 /* TasteMasterTests */,
				B3F8A7632AD8E8BD00D129D3 /* TasteMasterUITests */,
			);
		};
/* End PBXProject section */

/* Begin PBXResourcesBuildPhase section */
		B3F8A7472AD8E8BB00D129D3 /* Resources */ = {
			isa = PBXResourcesBuildPhase;
			buildActionMask = 2147483647;
			files = (
				B3F8A7552AD8E8BD00D129D3 /* Preview Assets.xcassets in Resources */,
				B337D7F32ADA4420008B5F8F /* Materials in Resources */,
				B3F8A7512AD8E8BD00D129D3 /* Assets.xcassets in Resources */,
			);
			runOnlyForDeploymentPostprocessing = 0;
		};
		B3F8A7582AD8E8BD00D129D3 /* Resources */ = {
			isa = PBXResourcesBuildPhase;
			buildActionMask = 2147483647;
			files = (
			);
			runOnlyForDeploymentPostprocessing = 0;
		};
		B3F8A7622AD8E8BD00D129D3 /* Resources */ = {
			isa = PBXResourcesBuildPhase;
			buildActionMask = 2147483647;
			files = (
			);
			runOnlyForDeploymentPostprocessing = 0;
		};
/* End PBXResourcesBuildPhase section */

/* Begin PBXSourcesBuildPhase section */
		B3F8A7452AD8E8BB00D129D3 /* Sources */ = {
			isa = PBXSourcesBuildPhase;
			buildActionMask = 2147483647;
			files = (
				B3BF7A442AD92E6C00DE56C9 /* CardData.swift in Sources */,
				B302723F2AECA1E8007DA186 /* SemiDish.swift in Sources */,
				B30BDA1F2AF0A34700D2985A /* ContributeCards.swift in Sources */,
				B3533DF22AEC9D6F00AA977C /* Meat.swift in Sources */,
				B3BEDF3E2B8250980036FCAA /* AccountManage.swift in Sources */,
				B3B264982AF0F35C0093BEFF /* ItemRecognizationUI.swift in Sources */,
				B30272452AECA4CA007DA186 /* Condiment.swift in Sources */,
				B30839552AF1045800B84145 /* animal_recognization.swift in Sources */,
				B3F9C3BE2AEFA173004B07C4 /* RecognizeAPI.swift in Sources */,
				B36515D72B1C7D2600DC18B6 /* CommonProblem.swift in Sources */,
				B3F9C3B82AEF8EC5004B07C4 /* advanced_general.swift in Sources */,
				B3F9C3BB2AEF96F2004B07C4 /* PhotosController.swift in Sources */,
				B32CF65B2B8426E7009DB061 /* DetailPage.swift in Sources */,
				B302723D2AECA149007DA186 /* Staple.swift in Sources */,
				B310F2872AE9011F00EA4C73 /* MyFavorite.swift in Sources */,
				B3F8A74F2AD8E8BB00D129D3 /* ContentView.swift in Sources */,
				B30272392AEC9F82007DA186 /* Aquatic.swift in Sources */,
				B39CF1902AEE63ED00F988E9 /* GPT_Handler.swift in Sources */,
				B35A18002B1C7FD500B3D4D0 /* AppSettings.swift in Sources */,
				B33B75532AEE499D001452A2 /* AIAnalystUI.swift in Sources */,
				B3BFFDF32AD8FA11003B9F83 /* CommonEquipments.swift in Sources */,
				B3F8A74D2AD8E8BB00D129D3 /* TasteMasterApp.swift in Sources */,
				B3C7EE8F2B1C6BB900CF1140 /* ingredient_recognization.swift in Sources */,
				B337D7F52ADA44B2008B5F8F /* CardReader.swift in Sources */,
				B3684F852B1C620600E1127F /* plant_recognization.swift in Sources */,
				B3A4A7772B81E6B60045A9EB /* OnlineReview.swift in Sources */,
				B3BEDF402B8257080036FCAA /* AccountData.swift in Sources */,
				B3E79FFB2AD94EEF003E175C /* GlobalSearch.swift in Sources */,
				B3C7EE912B1C6D8800CF1140 /* dish_recognization.swift in Sources */,
				B30272472AECA561007DA186 /* Dessert.swift in Sources */,
				B35A17FE2B1C7F8E00B3D4D0 /* AboutMe.swift in Sources */,
				B378CA122AE944A600355FD6 /* CookBookData.swift in Sources */,
				B30272412AECA33B007DA186 /* Soup.swift in Sources */,
				B39CF18D2AEE5FB600F988E9 /* AccessTokenFetcher.swift in Sources */,
				B3F8A7782AD8E8DB00D129D3 /* CardModel.swift in Sources */,
				B30272432AECA3E5007DA186 /* Drink.swift in Sources */,
				B32462472B7F1DA500E0DAC0 /* CardUpdate.swift in Sources */,
				B302723B2AECA00B007DA186 /* Breakfast.swift in Sources */,
				B378CA142AE94A0000355FD6 /* Vegetarian.swift in Sources */,
			);
			runOnlyForDeploymentPostprocessing = 0;
		};
		B3F8A7562AD8E8BD00D129D3 /* Sources */ = {
			isa = PBXSourcesBuildPhase;
			buildActionMask = 2147483647;
			files = (
				B3F8A75F2AD8E8BD00D129D3 /* TasteMasterTests.swift in Sources */,
			);
			runOnlyForDeploymentPostprocessing = 0;
		};
		B3F8A7602AD8E8BD00D129D3 /* Sources */ = {
			isa = PBXSourcesBuildPhase;
			buildActionMask = 2147483647;
			files = (
				B3F8A76B2AD8E8BD00D129D3 /* TasteMasterUITestsLaunchTests.swift in Sources */,
				B3F8A7692AD8E8BD00D129D3 /* TasteMasterUITests.swift in Sources */,
			);
			runOnlyForDeploymentPostprocessing = 0;
		};
/* End PBXSourcesBuildPhase section */

/* Begin PBXTargetDependency section */
		B3F8A75C2AD8E8BD00D129D3 /* PBXTargetDependency */ = {
			isa = PBXTargetDependency;
			target = B3F8A7482AD8E8BB00D129D3 /* TasteMaster */;
			targetProxy = B3F8A75B2AD8E8BD00D129D3 /* PBXContainerItemProxy */;
		};
		B3F8A7662AD8E8BD00D129D3 /* PBXTargetDependency */ = {
			isa = PBXTargetDependency;
			target = B3F8A7482AD8E8BB00D129D3 /* TasteMaster */;
			targetProxy = B3F8A7652AD8E8BD00D129D3 /* PBXContainerItemProxy */;
		};
/* End PBXTargetDependency section */

/* Begin XCBuildConfiguration section */
		B3F8A76C2AD8E8BD00D129D3 /* Debug */ = {
			isa = XCBuildConfiguration;
			buildSettings = {
				ALLOW_TARGET_PLATFORM_SPECIALIZATION = YES;
				ALWAYS_SEARCH_USER_PATHS = NO;
				ASSETCATALOG_COMPILER_GENERATE_SWIFT_ASSET_SYMBOL_EXTENSIONS = YES;
				CLANG_ANALYZER_NONNULL = YES;
				CLANG_ANALYZER_NUMBER_OBJECT_CONVERSION = YES_AGGRESSIVE;
				CLANG_CXX_LANGUAGE_STANDARD = "gnu++20";
				CLANG_ENABLE_MODULES = YES;
				CLANG_ENABLE_OBJC_ARC = YES;
				CLANG_ENABLE_OBJC_WEAK = YES;
				CLANG_WARN_BLOCK_CAPTURE_AUTORELEASING = YES;
				CLANG_WARN_BOOL_CONVERSION = YES;
				CLANG_WARN_COMMA = YES;
				CLANG_WARN_CONSTANT_CONVERSION = YES;
				CLANG_WARN_DEPRECATED_OBJC_IMPLEMENTATIONS = YES;
				CLANG_WARN_DIRECT_OBJC_ISA_USAGE = YES_ERROR;
				CLANG_WARN_DOCUMENTATION_COMMENTS = YES;
				CLANG_WARN_EMPTY_BODY = YES;
				CLANG_WARN_ENUM_CONVERSION = YES;
				CLANG_WARN_INFINITE_RECURSION = YES;
				CLANG_WARN_INT_CONVERSION = YES;
				CLANG_WARN_NON_LITERAL_NULL_CONVERSION = YES;
				CLANG_WARN_OBJC_IMPLICIT_RETAIN_SELF = YES;
				CLANG_WARN_OBJC_LITERAL_CONVERSION = YES;
				CLANG_WARN_OBJC_ROOT_CLASS = YES_ERROR;
				CLANG_WARN_QUOTED_INCLUDE_IN_FRAMEWORK_HEADER = YES;
				CLANG_WARN_RANGE_LOOP_ANALYSIS = YES;
				CLANG_WARN_STRICT_PROTOTYPES = YES;
				CLANG_WARN_SUSPICIOUS_MOVE = YES;
				CLANG_WARN_UNGUARDED_AVAILABILITY = YES_AGGRESSIVE;
				CLANG_WARN_UNREACHABLE_CODE = YES;
				CLANG_WARN__DUPLICATE_METHOD_MATCH = YES;
				COPY_PHASE_STRIP = NO;
				DEAD_CODE_STRIPPING = YES;
				DEBUG_INFORMATION_FORMAT = dwarf;
				ENABLE_STRICT_OBJC_MSGSEND = YES;
				ENABLE_TESTABILITY = YES;
				ENABLE_USER_SCRIPT_SANDBOXING = YES;
				GCC_C_LANGUAGE_STANDARD = gnu17;
				GCC_DYNAMIC_NO_PIC = NO;
				GCC_NO_COMMON_BLOCKS = YES;
				GCC_OPTIMIZATION_LEVEL = 0;
				GCC_PREPROCESSOR_DEFINITIONS = (
					"DEBUG=1",
					"$(inherited)",
				);
				GCC_WARN_64_TO_32_BIT_CONVERSION = YES;
				GCC_WARN_ABOUT_RETURN_TYPE = YES_ERROR;
				GCC_WARN_UNDECLARED_SELECTOR = YES;
				GCC_WARN_UNINITIALIZED_AUTOS = YES_AGGRESSIVE;
				GCC_WARN_UNUSED_FUNCTION = YES;
				GCC_WARN_UNUSED_VARIABLE = YES;
				LOCALIZATION_PREFERS_STRING_CATALOGS = YES;
				MTL_ENABLE_DEBUG_INFO = INCLUDE_SOURCE;
				MTL_FAST_MATH = YES;
				ONLY_ACTIVE_ARCH = YES;
				SUPPORTED_PLATFORMS = macosx;
				SUPPORTS_MACCATALYST = YES;
				SWIFT_ACTIVE_COMPILATION_CONDITIONS = "DEBUG $(inherited)";
				SWIFT_OPTIMIZATION_LEVEL = "-Onone";
			};
			name = Debug;
		};
		B3F8A76D2AD8E8BD00D129D3 /* Release */ = {
			isa = XCBuildConfiguration;
			buildSettings = {
				ALLOW_TARGET_PLATFORM_SPECIALIZATION = YES;
				ALWAYS_SEARCH_USER_PATHS = NO;
				ASSETCATALOG_COMPILER_GENERATE_SWIFT_ASSET_SYMBOL_EXTENSIONS = YES;
				CLANG_ANALYZER_NONNULL = YES;
				CLANG_ANALYZER_NUMBER_OBJECT_CONVERSION = YES_AGGRESSIVE;
				CLANG_CXX_LANGUAGE_STANDARD = "gnu++20";
				CLANG_ENABLE_MODULES = YES;
				CLANG_ENABLE_OBJC_ARC = YES;
				CLANG_ENABLE_OBJC_WEAK = YES;
				CLANG_WARN_BLOCK_CAPTURE_AUTORELEASING = YES;
				CLANG_WARN_BOOL_CONVERSION = YES;
				CLANG_WARN_COMMA = YES;
				CLANG_WARN_CONSTANT_CONVERSION = YES;
				CLANG_WARN_DEPRECATED_OBJC_IMPLEMENTATIONS = YES;
				CLANG_WARN_DIRECT_OBJC_ISA_USAGE = YES_ERROR;
				CLANG_WARN_DOCUMENTATION_COMMENTS = YES;
				CLANG_WARN_EMPTY_BODY = YES;
				CLANG_WARN_ENUM_CONVERSION = YES;
				CLANG_WARN_INFINITE_RECURSION = YES;
				CLANG_WARN_INT_CONVERSION = YES;
				CLANG_WARN_NON_LITERAL_NULL_CONVERSION = YES;
				CLANG_WARN_OBJC_IMPLICIT_RETAIN_SELF = YES;
				CLANG_WARN_OBJC_LITERAL_CONVERSION = YES;
				CLANG_WARN_OBJC_ROOT_CLASS = YES_ERROR;
				CLANG_WARN_QUOTED_INCLUDE_IN_FRAMEWORK_HEADER = YES;
				CLANG_WARN_RANGE_LOOP_ANALYSIS = YES;
				CLANG_WARN_STRICT_PROTOTYPES = YES;
				CLANG_WARN_SUSPICIOUS_MOVE = YES;
				CLANG_WARN_UNGUARDED_AVAILABILITY = YES_AGGRESSIVE;
				CLANG_WARN_UNREACHABLE_CODE = YES;
				CLANG_WARN__DUPLICATE_METHOD_MATCH = YES;
				COPY_PHASE_STRIP = NO;
				DEAD_CODE_STRIPPING = YES;
				DEBUG_INFORMATION_FORMAT = "dwarf-with-dsym";
				ENABLE_NS_ASSERTIONS = NO;
				ENABLE_STRICT_OBJC_MSGSEND = YES;
				ENABLE_USER_SCRIPT_SANDBOXING = YES;
				"EXCLUDED_ARCHS[sdk=*]" = "";
				GCC_C_LANGUAGE_STANDARD = gnu17;
				GCC_NO_COMMON_BLOCKS = YES;
				GCC_WARN_64_TO_32_BIT_CONVERSION = YES;
				GCC_WARN_ABOUT_RETURN_TYPE = YES_ERROR;
				GCC_WARN_UNDECLARED_SELECTOR = YES;
				GCC_WARN_UNINITIALIZED_AUTOS = YES_AGGRESSIVE;
				GCC_WARN_UNUSED_FUNCTION = YES;
				GCC_WARN_UNUSED_VARIABLE = YES;
				LOCALIZATION_PREFERS_STRING_CATALOGS = YES;
				MTL_ENABLE_DEBUG_INFO = NO;
				MTL_FAST_MATH = YES;
				SUPPORTED_PLATFORMS = macosx;
				SUPPORTS_MACCATALYST = YES;
				SWIFT_COMPILATION_MODE = wholemodule;
			};
			name = Release;
		};
		B3F8A76F2AD8E8BD00D129D3 /* Debug */ = {
			isa = XCBuildConfiguration;
			buildSettings = {
				ASSETCATALOG_COMPILER_APPICON_NAME = AppIcon;
				ASSETCATALOG_COMPILER_GLOBAL_ACCENT_COLOR_NAME = AccentColor;
				CLANG_ENABLE_MODULES = YES;
				CODE_SIGN_ENTITLEMENTS = TasteMaster/TasteMaster.entitlements;
				CODE_SIGN_STYLE = Automatic;
				CURRENT_PROJECT_VERSION = 1;
				DEAD_CODE_STRIPPING = YES;
				DEVELOPMENT_ASSET_PATHS = "\"TasteMaster/Preview Content\"";
				DEVELOPMENT_TEAM = NPL825YZAC;
				ENABLE_HARDENED_RUNTIME = YES;
				ENABLE_PREVIEWS = YES;
				GENERATE_INFOPLIST_FILE = YES;
				INFOPLIST_FILE = TasteMaster/Info.plist;
				INFOPLIST_KEY_CFBundleDisplayName = "Taste Master";
				INFOPLIST_KEY_NSPhotoLibraryUsageDescription = "我们需要相册访问权限来上传图片";
				"INFOPLIST_KEY_UIApplicationSceneManifest_Generation[sdk=iphoneos*]" = YES;
				"INFOPLIST_KEY_UIApplicationSceneManifest_Generation[sdk=iphonesimulator*]" = YES;
				"INFOPLIST_KEY_UIApplicationSupportsIndirectInputEvents[sdk=iphoneos*]" = YES;
				"INFOPLIST_KEY_UIApplicationSupportsIndirectInputEvents[sdk=iphonesimulator*]" = YES;
				"INFOPLIST_KEY_UILaunchScreen_Generation[sdk=iphoneos*]" = YES;
				"INFOPLIST_KEY_UILaunchScreen_Generation[sdk=iphonesimulator*]" = YES;
				"INFOPLIST_KEY_UIStatusBarStyle[sdk=iphoneos*]" = UIStatusBarStyleDefault;
				"INFOPLIST_KEY_UIStatusBarStyle[sdk=iphonesimulator*]" = UIStatusBarStyleDefault;
				INFOPLIST_KEY_UISupportedInterfaceOrientations_iPad = "UIInterfaceOrientationPortrait UIInterfaceOrientationPortraitUpsideDown UIInterfaceOrientationLandscapeLeft UIInterfaceOrientationLandscapeRight";
				INFOPLIST_KEY_UISupportedInterfaceOrientations_iPhone = "UIInterfaceOrientationPortrait UIInterfaceOrientationLandscapeLeft UIInterfaceOrientationLandscapeRight";
				IPHONEOS_DEPLOYMENT_TARGET = 16.0;
				LD_RUNPATH_SEARCH_PATHS = "$(inherited)";
				"LD_RUNPATH_SEARCH_PATHS[sdk=macosx*]" = "@executable_path/../Frameworks";
				MACOSX_DEPLOYMENT_TARGET = 14.0;
				MARKETING_VERSION = 1.0;
				PRODUCT_BUNDLE_IDENTIFIER = "-.0.TasteMaster";
				PRODUCT_NAME = "$(TARGET_NAME)";
				SDKROOT = auto;
				SUPPORTED_PLATFORMS = "iphoneos iphonesimulator";
				SUPPORTS_MACCATALYST = YES;
				SUPPORTS_MAC_DESIGNED_FOR_IPHONE_IPAD = NO;
				SWIFT_EMIT_LOC_STRINGS = YES;
				SWIFT_OBJC_BRIDGING_HEADER = "";
				SWIFT_OPTIMIZATION_LEVEL = "-Onone";
				SWIFT_VERSION = 5.0;
				TARGETED_DEVICE_FAMILY = "1,2";
			};
			name = Debug;
		};
		B3F8A7702AD8E8BD00D129D3 /* Release */ = {
			isa = XCBuildConfiguration;
			buildSettings = {
				ASSETCATALOG_COMPILER_APPICON_NAME = AppIcon;
				ASSETCATALOG_COMPILER_GLOBAL_ACCENT_COLOR_NAME = AccentColor;
				CLANG_ENABLE_MODULES = YES;
				CODE_SIGN_ENTITLEMENTS = TasteMaster/TasteMaster.entitlements;
				CODE_SIGN_STYLE = Automatic;
				CURRENT_PROJECT_VERSION = 1;
				DEAD_CODE_STRIPPING = YES;
				DEVELOPMENT_ASSET_PATHS = "\"TasteMaster/Preview Content\"";
				DEVELOPMENT_TEAM = NPL825YZAC;
				ENABLE_HARDENED_RUNTIME = YES;
				ENABLE_PREVIEWS = YES;
				GENERATE_INFOPLIST_FILE = YES;
				INFOPLIST_FILE = TasteMaster/Info.plist;
				INFOPLIST_KEY_CFBundleDisplayName = "Taste Master";
				INFOPLIST_KEY_NSPhotoLibraryUsageDescription = "我们需要相册访问权限来上传图片";
				"INFOPLIST_KEY_UIApplicationSceneManifest_Generation[sdk=iphoneos*]" = YES;
				"INFOPLIST_KEY_UIApplicationSceneManifest_Generation[sdk=iphonesimulator*]" = YES;
				"INFOPLIST_KEY_UIApplicationSupportsIndirectInputEvents[sdk=iphoneos*]" = YES;
				"INFOPLIST_KEY_UIApplicationSupportsIndirectInputEvents[sdk=iphonesimulator*]" = YES;
				"INFOPLIST_KEY_UILaunchScreen_Generation[sdk=iphoneos*]" = YES;
				"INFOPLIST_KEY_UILaunchScreen_Generation[sdk=iphonesimulator*]" = YES;
				"INFOPLIST_KEY_UIStatusBarStyle[sdk=iphoneos*]" = UIStatusBarStyleDefault;
				"INFOPLIST_KEY_UIStatusBarStyle[sdk=iphonesimulator*]" = UIStatusBarStyleDefault;
				INFOPLIST_KEY_UISupportedInterfaceOrientations_iPad = "UIInterfaceOrientationPortrait UIInterfaceOrientationPortraitUpsideDown UIInterfaceOrientationLandscapeLeft UIInterfaceOrientationLandscapeRight";
				INFOPLIST_KEY_UISupportedInterfaceOrientations_iPhone = "UIInterfaceOrientationPortrait UIInterfaceOrientationLandscapeLeft UIInterfaceOrientationLandscapeRight";
				IPHONEOS_DEPLOYMENT_TARGET = 16.0;
				LD_RUNPATH_SEARCH_PATHS = "$(inherited)";
				"LD_RUNPATH_SEARCH_PATHS[sdk=macosx*]" = "@executable_path/../Frameworks";
				MACOSX_DEPLOYMENT_TARGET = 14.0;
				MARKETING_VERSION = 1.0;
				PRODUCT_BUNDLE_IDENTIFIER = "-.0.TasteMaster";
				PRODUCT_NAME = "$(TARGET_NAME)";
				SDKROOT = auto;
				SUPPORTED_PLATFORMS = "iphoneos iphonesimulator";
				SUPPORTS_MACCATALYST = YES;
				SUPPORTS_MAC_DESIGNED_FOR_IPHONE_IPAD = NO;
				SWIFT_EMIT_LOC_STRINGS = YES;
				SWIFT_OBJC_BRIDGING_HEADER = "";
				SWIFT_VERSION = 5.0;
				TARGETED_DEVICE_FAMILY = "1,2";
			};
			name = Release;
		};
		B3F8A7722AD8E8BD00D129D3 /* Debug */ = {
			isa = XCBuildConfiguration;
			buildSettings = {
				ALWAYS_EMBED_SWIFT_STANDARD_LIBRARIES = YES;
				BUNDLE_LOADER = "$(TEST_HOST)";
				CODE_SIGN_STYLE = Automatic;
				CURRENT_PROJECT_VERSION = 1;
				DEAD_CODE_STRIPPING = YES;
				DEVELOPMENT_TEAM = NPL825YZAC;
				GENERATE_INFOPLIST_FILE = YES;
				IPHONEOS_DEPLOYMENT_TARGET = 17.0;
				MACOSX_DEPLOYMENT_TARGET = 14.0;
				MARKETING_VERSION = 1.0;
				PRODUCT_BUNDLE_IDENTIFIER = "-.0.TasteMasterTests";
				PRODUCT_NAME = "$(TARGET_NAME)";
				SDKROOT = auto;
				SUPPORTED_PLATFORMS = "iphoneos iphonesimulator macosx";
				SWIFT_EMIT_LOC_STRINGS = NO;
				SWIFT_VERSION = 5.0;
				TARGETED_DEVICE_FAMILY = "1,2";
				TEST_HOST = "$(BUILT_PRODUCTS_DIR)/TasteMaster.app/$(BUNDLE_EXECUTABLE_FOLDER_PATH)/TasteMaster";
			};
			name = Debug;
		};
		B3F8A7732AD8E8BD00D129D3 /* Release */ = {
			isa = XCBuildConfiguration;
			buildSettings = {
				ALWAYS_EMBED_SWIFT_STANDARD_LIBRARIES = YES;
				BUNDLE_LOADER = "$(TEST_HOST)";
				CODE_SIGN_STYLE = Automatic;
				CURRENT_PROJECT_VERSION = 1;
				DEAD_CODE_STRIPPING = YES;
				DEVELOPMENT_TEAM = NPL825YZAC;
				GENERATE_INFOPLIST_FILE = YES;
				IPHONEOS_DEPLOYMENT_TARGET = 17.0;
				MACOSX_DEPLOYMENT_TARGET = 14.0;
				MARKETING_VERSION = 1.0;
				PRODUCT_BUNDLE_IDENTIFIER = "-.0.TasteMasterTests";
				PRODUCT_NAME = "$(TARGET_NAME)";
				SDKROOT = auto;
				SUPPORTED_PLATFORMS = "iphoneos iphonesimulator macosx";
				SWIFT_EMIT_LOC_STRINGS = NO;
				SWIFT_VERSION = 5.0;
				TARGETED_DEVICE_FAMILY = "1,2";
				TEST_HOST = "$(BUILT_PRODUCTS_DIR)/TasteMaster.app/$(BUNDLE_EXECUTABLE_FOLDER_PATH)/TasteMaster";
			};
			name = Release;
		};
		B3F8A7752AD8E8BD00D129D3 /* Debug */ = {
			isa = XCBuildConfiguration;
			buildSettings = {
				ALWAYS_EMBED_SWIFT_STANDARD_LIBRARIES = YES;
				CODE_SIGN_STYLE = Automatic;
				CURRENT_PROJECT_VERSION = 1;
				DEAD_CODE_STRIPPING = YES;
				DEVELOPMENT_TEAM = NPL825YZAC;
				GENERATE_INFOPLIST_FILE = YES;
				IPHONEOS_DEPLOYMENT_TARGET = 17.0;
				MACOSX_DEPLOYMENT_TARGET = 14.0;
				MARKETING_VERSION = 1.0;
				PRODUCT_BUNDLE_IDENTIFIER = "-.0.TasteMasterUITests";
				PRODUCT_NAME = "$(TARGET_NAME)";
				SDKROOT = auto;
				SUPPORTED_PLATFORMS = "iphoneos iphonesimulator macosx";
				SWIFT_EMIT_LOC_STRINGS = NO;
				SWIFT_VERSION = 5.0;
				TARGETED_DEVICE_FAMILY = "1,2";
				TEST_TARGET_NAME = TasteMaster;
			};
			name = Debug;
		};
		B3F8A7762AD8E8BD00D129D3 /* Release */ = {
			isa = XCBuildConfiguration;
			buildSettings = {
				ALWAYS_EMBED_SWIFT_STANDARD_LIBRARIES = YES;
				CODE_SIGN_STYLE = Automatic;
				CURRENT_PROJECT_VERSION = 1;
				DEAD_CODE_STRIPPING = YES;
				DEVELOPMENT_TEAM = NPL825YZAC;
				GENERATE_INFOPLIST_FILE = YES;
				IPHONEOS_DEPLOYMENT_TARGET = 17.0;
				MACOSX_DEPLOYMENT_TARGET = 14.0;
				MARKETING_VERSION = 1.0;
				PRODUCT_BUNDLE_IDENTIFIER = "-.0.TasteMasterUITests";
				PRODUCT_NAME = "$(TARGET_NAME)";
				SDKROOT = auto;
				SUPPORTED_PLATFORMS = "iphoneos iphonesimulator macosx";
				SWIFT_EMIT_LOC_STRINGS = NO;
				SWIFT_VERSION = 5.0;
				TARGETED_DEVICE_FAMILY = "1,2";
				TEST_TARGET_NAME = TasteMaster;
			};
			name = Release;
		};
/* End XCBuildConfiguration section */

/* Begin XCConfigurationList section */
		B3F8A7442AD8E8BB00D129D3 /* Build configuration list for PBXProject "TasteMaster" */ = {
			isa = XCConfigurationList;
			buildConfigurations = (
				B3F8A76C2AD8E8BD00D129D3 /* Debug */,
				B3F8A76D2AD8E8BD00D129D3 /* Release */,
			);
			defaultConfigurationIsVisible = 0;
			defaultConfigurationName = Release;
		};
		B3F8A76E2AD8E8BD00D129D3 /* Build configuration list for PBXNativeTarget "TasteMaster" */ = {
			isa = XCConfigurationList;
			buildConfigurations = (
				B3F8A76F2AD8E8BD00D129D3 /* Debug */,
				B3F8A7702AD8E8BD00D129D3 /* Release */,
			);
			defaultConfigurationIsVisible = 0;
			defaultConfigurationName = Release;
		};
		B3F8A7712AD8E8BD00D129D3 /* Build configuration list for PBXNativeTarget "TasteMasterTests" */ = {
			isa = XCConfigurationList;
			buildConfigurations = (
				B3F8A7722AD8E8BD00D129D3 /* Debug */,
				B3F8A7732AD8E8BD00D129D3 /* Release */,
			);
			defaultConfigurationIsVisible = 0;
			defaultConfigurationName = Release;
		};
		B3F8A7742AD8E8BD00D129D3 /* Build configuration list for PBXNativeTarget "TasteMasterUITests" */ = {
			isa = XCConfigurationList;
			buildConfigurations = (
				B3F8A7752AD8E8BD00D129D3 /* Debug */,
				B3F8A7762AD8E8BD00D129D3 /* Release */,
			);
			defaultConfigurationIsVisible = 0;
			defaultConfigurationName = Release;
		};
/* End XCConfigurationList section */

/* Begin XCRemoteSwiftPackageReference section */
		B363F8332B7F04440042DE29 /* XCRemoteSwiftPackageReference "Pow" */ = {
			isa = XCRemoteSwiftPackageReference;
			repositoryURL = "https://github.com/EmergeTools/Pow";
			requirement = {
				kind = upToNextMajorVersion;
				minimumVersion = 1.0.3;
			};
		};
		B377C6EC2ADA93170099AB83 /* XCRemoteSwiftPackageReference "swift-markdown-ui" */ = {
			isa = XCRemoteSwiftPackageReference;
			repositoryURL = "https://github.com/gonzalezreal/swift-markdown-ui";
			requirement = {
				kind = upToNextMajorVersion;
				minimumVersion = 2.2.0;
			};
		};
		B3BEDF412B8259560036FCAA /* XCRemoteSwiftPackageReference "url-image" */ = {
			isa = XCRemoteSwiftPackageReference;
			repositoryURL = "https://github.com/dmytro-anokhin/url-image.git";
			requirement = {
				kind = upToNextMajorVersion;
				minimumVersion = 3.1.1;
			};
		};
/* End XCRemoteSwiftPackageReference section */

/* Begin XCSwiftPackageProductDependency section */
		B363F8342B7F04440042DE29 /* Pow */ = {
			isa = XCSwiftPackageProductDependency;
			package = B363F8332B7F04440042DE29 /* XCRemoteSwiftPackageReference "Pow" */;
			productName = Pow;
		};
		B377C6ED2ADA93170099AB83 /* MarkdownUI */ = {
			isa = XCSwiftPackageProductDependency;
			package = B377C6EC2ADA93170099AB83 /* XCRemoteSwiftPackageReference "swift-markdown-ui" */;
			productName = MarkdownUI;
		};
		B3BEDF422B8259560036FCAA /* URLImage */ = {
			isa = XCSwiftPackageProductDependency;
			package = B3BEDF412B8259560036FCAA /* XCRemoteSwiftPackageReference "url-image" */;
			productName = URLImage;
		};
/* End XCSwiftPackageProductDependency section */
	};
	rootObject = B3F8A7412AD8E8BB00D129D3 /* Project object */;
}
